
Microsoft Visual Studio Solution File, Format Version 12.00
# Visual Studio Version 17
VisualStudioVersion = 17.13.35913.81
MinimumVisualStudioVersion = 10.0.40219.1
Project("{9A19103F-16F7-4668-BE54-9A1E7A4F7556}") = "GECPATAN_FACULTY_PORTAL", "GECPATAN_FACULTY_PORTAL.csproj", "{4D714D08-A8AA-464E-B70F-E1B18C5F8EF3}"
EndProject
Global
	GlobalSection(SolutionConfigurationPlatforms) = preSolution
		Debug|Any CPU = Debug|Any CPU
		Release|Any CPU = Release|Any CPU
	EndGlobalSection
	GlobalSection(ProjectConfigurationPlatforms) = postSolution
		{4D714D08-A8AA-464E-B70F-E1B18C5F8EF3}.Debug|Any CPU.ActiveCfg = Debug|Any CPU
		{4D714D08-A8AA-464E-B70F-E1B18C5F8EF3}.Debug|Any CPU.Build.0 = Debug|Any CPU
		{4D714D08-A8AA-464E-B70F-E1B18C5F8EF3}.Release|Any CPU.ActiveCfg = Release|Any CPU
		{4D714D08-A8AA-464E-B70F-E1B18C5F8EF3}.Release|Any CPU.Build.0 = Release|Any CPU
	EndGlobalSection
	GlobalSection(SolutionProperties) = preSolution
		HideSolutionNode = FALSE
	EndGlobalSection
	GlobalSection(ExtensibilityGlobals) = postSolution
		SolutionGuid = {B7A24CAC-9348-4F5F-B2CE-E7BA1113B36A}
	EndGlobalSection
EndGlobal
